
Microsoft Visual Studio Solution File, Format Version 12.00
# Visual Studio Version 16
VisualStudioVersion = 16.0.31025.194
MinimumVisualStudioVersion = 10.0.40219.1
Project("{FAE04EC0-301F-11D3-BF4B-00C04F79EFBC}") = "WebNET", "WebNET\WebNET.csproj", "{4E8F172C-70CA-4EF1-A13A-76300ABD36F2}"
EndProject
Global
	GlobalSection(SolutionConfigurationPlatforms) = preSolution
		Debug|Any CPU = Debug|Any CPU
		Release|Any CPU = Release|Any CPU
	EndGlobalSection
	GlobalSection(ProjectConfigurationPlatforms) = postSolution
		{4E8F172C-70CA-4EF1-A13A-76300ABD36F2}.Debug|Any CPU.ActiveCfg = Debug|Any CPU
		{4E8F172C-70CA-4EF1-A13A-76300ABD36F2}.Debug|Any CPU.Build.0 = Debug|Any CPU
		{4E8F172C-70CA-4EF1-A13A-76300ABD36F2}.Release|Any CPU.ActiveCfg = Release|Any CPU
		{4E8F172C-70CA-4EF1-A13A-76300ABD36F2}.Release|Any CPU.Build.0 = Release|Any CPU
	EndGlobalSection
	GlobalSection(SolutionProperties) = preSolution
		HideSolutionNode = FALSE
	EndGlobalSection
	GlobalSection(ExtensibilityGlobals) = postSolution
		SolutionGuid = {C4895833-4127-47F8-AB0F-C5FC6D629FAC}
	EndGlobalSection
EndGlobal
